PODS:
  - AppAuth (2.0.0):
    - AppAuth/Core (= 2.0.0)
    - AppAuth/ExternalUserAgent (= 2.0.0)
  - AppAuth/Core (2.0.0)
  - AppAuth/ExternalUserAgent (2.0.0):
    - AppAuth/Core
  - AppCheckCore (11.2.0):
    - GoogleUtilities/Environment (~> 8.0)
    - GoogleUtilities/UserDefaults (~> 8.0)
    - PromisesObjC (~> 2.4)
  - Argon2Swift (1.0.4)
  - dargon2_flutter_desktop (0.0.1):
    - Argon2Swift
    - FlutterMacOS
  - file_picker (0.0.1):
    - FlutterMacOS
  - flutter_local_notifications (0.0.1):
    - FlutterMacOS
  - flutter_secure_storage_darwin (10.0.0):
    - Flutter
    - FlutterMacOS
  - FlutterMacOS (1.0.0)
  - FMDB/Core (2.7.12)
  - FMDB/SQLCipher (2.7.12):
    - FMDB/Core
    - SQLCipher (~> 4.6)
  - google_sign_in_ios (0.0.1):
    - Flutter
    - FlutterMacOS
    - GoogleSignIn (~> 9.0)
    - GTMSessionFetcher (>= 3.4.0)
  - GoogleSignIn (9.1.0):
    - AppAuth (~> 2.0)
    - AppCheckCore (~> 11.0)
    - GTMAppAuth (~> 5.0)
    - GTMSessionFetcher/Core (~> 3.3)
  - GoogleUtilities/Environment (8.1.0):
    - GoogleUtilities/Privacy
  - GoogleUtilities/Logger (8.1.0):
    - GoogleUtilities/Environment
    - GoogleUtilities/Privacy
  - GoogleUtilities/Privacy (8.1.0)
  - GoogleUtilities/UserDefaults (8.1.0):
    - GoogleUtilities/Logger
    - GoogleUtilities/Privacy
  - GTMAppAuth (5.0.0):
    - AppAuth/Core (~> 2.0)
    - GTMSessionFetcher/Core (< 4.0, >= 3.3)
  - GTMSessionFetcher (3.5.0):
    - GTMSessionFetcher/Full (= 3.5.0)
  - GTMSessionFetcher/Core (3.5.0)
  - GTMSessionFetcher/Full (3.5.0):
    - GTMSessionFetcher/Core
  - local_auth_darwin (0.0.1):
    - Flutter
    - FlutterMacOS
  - PromisesObjC (2.4.0)
  - share_plus (0.0.1):
    - FlutterMacOS
  - shared_preferences_foundation (0.0.1):
    - Flutter
    - FlutterMacOS
  - sqflite_sqlcipher (0.0.1):
    - FlutterMacOS
    - FMDB/SQLCipher (~> 2.7.5)
    - SQLCipher (= 4.10.0)
  - SQLCipher (4.10.0):
    - SQLCipher/standard (= 4.10.0)
  - SQLCipher/common (4.10.0)
  - SQLCipher/standard (4.10.0):
    - SQLCipher/common
  - url_launcher_macos (0.0.1):
    - FlutterMacOS

DEPENDENCIES:
  - dargon2_flutter_desktop (from `Flutter/ephemeral/.symlinks/plugins/dargon2_flutter_desktop/macos`)
  - file_picker (from `Flutter/ephemeral/.symlinks/plugins/file_picker/macos`)
  - flutter_local_notifications (from `Flutter/ephemeral/.symlinks/plugins/flutter_local_notifications/macos`)
  - flutter_secure_storage_darwin (from `Flutter/ephemeral/.symlinks/plugins/flutter_secure_storage_darwin/darwin`)
  - FlutterMacOS (from `Flutter/ephemeral`)
  - google_sign_in_ios (from `Flutter/ephemeral/.symlinks/plugins/google_sign_in_ios/darwin`)
  - local_auth_darwin (from `Flutter/ephemeral/.symlinks/plugins/local_auth_darwin/darwin`)
  - share_plus (from `Flutter/ephemeral/.symlinks/plugins/share_plus/macos`)
  - shared_preferences_foundation (from `Flutter/ephemeral/.symlinks/plugins/shared_preferences_foundation/darwin`)
  - sqflite_sqlcipher (from `Flutter/ephemeral/.symlinks/plugins/sqflite_sqlcipher/macos`)
  - url_launcher_macos (from `Flutter/ephemeral/.symlinks/plugins/url_launcher_macos/macos`)

SPEC REPOS:
  trunk:
    - AppAuth
    - AppCheckCore
    - Argon2Swift
    - FMDB
    - GoogleSignIn
    - GoogleUtilities
    - GTMAppAuth
    - GTMSessionFetcher
    - PromisesObjC
    - SQLCipher

EXTERNAL SOURCES:
  dargon2_flutter_desktop:
    :path: Flutter/ephemeral/.symlinks/plugins/dargon2_flutter_desktop/macos
  file_picker:
    :path: Flutter/ephemeral/.symlinks/plugins/file_picker/macos
  flutter_local_notifications:
    :path: Flutter/ephemeral/.symlinks/plugins/flutter_local_notifications/macos
  flutter_secure_storage_darwin:
    :path: Flutter/ephemeral/.symlinks/plugins/flutter_secure_storage_darwin/darwin
  FlutterMacOS:
    :path: Flutter/ephemeral
  google_sign_in_ios:
    :path: Flutter/ephemeral/.symlinks/plugins/google_sign_in_ios/darwin
  local_auth_darwin:
    :path: Flutter/ephemeral/.symlinks/plugins/local_auth_darwin/darwin
  share_plus:
    :path: Flutter/ephemeral/.symlinks/plugins/share_plus/macos
  shared_preferences_foundation:
    :path: Flutter/ephemeral/.symlinks/plugins/shared_preferences_foundation/darwin
  sqflite_sqlcipher:
    :path: Flutter/ephemeral/.symlinks/plugins/sqflite_sqlcipher/macos
  url_launcher_macos:
    :path: Flutter/ephemeral/.symlinks/plugins/url_launcher_macos/macos

SPEC CHECKSUMS:
  AppAuth: 1c1a8afa7e12f2ec3a294d9882dfa5ab7d3cb063
  AppCheckCore: cc8fd0a3a230ddd401f326489c99990b013f0c4f
  Argon2Swift: 295b8bde7ba61434f227f5610b8813c42e866f74
  dargon2_flutter_desktop: 0d115aea8425763c48cfce26ce2bc4b5108c587d
  file_picker: 7584aae6fa07a041af2b36a2655122d42f578c1a
  flutter_local_notifications: 1fc7ffb10a83d6a2eeeeddb152d43f1944b0aad0
  flutter_secure_storage_darwin: acdb3f316ed05a3e68f856e0353b133eec373a23
  FlutterMacOS: d0db08ddef1a9af05a5ec4b724367152bb0500b1
  FMDB: 728731dd336af3936ce00f91d9d8495f5718a0e6
  google_sign_in_ios: 000870aa06da9b28d1d0bf7ef70ff0213059dd28
  GoogleSignIn: fcee2257188d5eda57a5e2b6a715550ffff9206d
  GoogleUtilities: 00c88b9a86066ef77f0da2fab05f65d7768ed8e1
  GTMAppAuth: 217a876b249c3c585a54fd6f73e6b58c4f5c4238
  GTMSessionFetcher: 5aea5ba6bd522a239e236100971f10cb71b96ab6
  local_auth_darwin: c3ee6cce0a8d56be34c8ccb66ba31f7f180aaebb
  PromisesObjC: f5707f49cb48b9636751c5b2e7d227e43fba9f47
  share_plus: 510bf0af1a42cd602274b4629920c9649c52f4cc
  shared_preferences_foundation: 7036424c3d8ec98dfe75ff1667cb0cd531ec82bb
  sqflite_sqlcipher: a4c2f17db76d2f86dfe044937d3a851d8880cbb9
  SQLCipher: eb79c64049cb002b4e9fcb30edb7979bf4706dfc
  url_launcher_macos: f87a979182d112f911de6820aefddaf56ee9fbfd

PODFILE CHECKSUM: 180da7a1dbc1d932db021ebc8007656e7c46dd99

COCOAPODS: 1.16.2
